// !$*UTF8*$!
{
	archiveVersion = 1;
	classes = {
	};
	objectVersion = 56;
	objects = {

/* Begin PBXBuildFile section */
		5A211A3A2B97DD450044F801 /* GoogleService-Info.plist in Sources */ = {isa = PBXBuildFile; fileRef = 663912452B8D805900021A07 /* GoogleService-Info.plist */; };
		5A211A3B2B97DD450044F801 /* Assets.xcassets in Sources */ = {isa = PBXBuildFile; fileRef = 66E7D3DE2B81B63900A7ED66 /* Assets.xcassets */; };
		5AA3BB452B97E3F000E64B93 /* LoginHeader.swift in Sources */ = {isa = PBXBuildFile; fileRef = 66E7D3E82B81B65700A7ED66 /* LoginHeader.swift */; };
		5AA3BB462B97E3F500E64B93 /* GoogleSiginBtn.swift in Sources */ = {isa = PBXBuildFile; fileRef = 66E7D3E72B81B65700A7ED66 /* GoogleSiginBtn.swift */; };
		5AA3BB472B97E3F700E64B93 /* CustomTextfield.swift in Sources */ = {isa = PBXBuildFile; fileRef = 66E7D3E62B81B65700A7ED66 /* CustomTextfield.swift */; };
		5AA3BB482B97E3FA00E64B93 /* CustomButton.swift in Sources */ = {isa = PBXBuildFile; fileRef = 66E7D3E52B81B65700A7ED66 /* CustomButton.swift */; };
		5AA3BB4A2B97E89E00E64B93 /* NavigationBar.swift in Sources */ = {isa = PBXBuildFile; fileRef = 5AA3BB492B97E89E00E64B93 /* NavigationBar.swift */; };
		66814C222B9A91C400664B50 /* GroupHabitView.swift in Sources */ = {isa = PBXBuildFile; fileRef = 66814C212B9A91C400664B50 /* GroupHabitView.swift */; };
		66E2547C2B807B8000495CF2 /* TenaCityTests.swift in Sources */ = {isa = PBXBuildFile; fileRef = 66E2547B2B807B8000495CF2 /* TenaCityTests.swift */; };
		66E254862B807B8000495CF2 /* TenaCityUITests.swift in Sources */ = {isa = PBXBuildFile; fileRef = 66E254852B807B8000495CF2 /* TenaCityUITests.swift */; };
		66E254882B807B8000495CF2 /* TenaCityUITestsLaunchTests.swift in Sources */ = {isa = PBXBuildFile; fileRef = 66E254872B807B8000495CF2 /* TenaCityUITestsLaunchTests.swift */; };
		66E7D3BC2B81998A00A7ED66 /* FirebaseAuth in Frameworks */ = {isa = PBXBuildFile; productRef = 66E7D3BB2B81998A00A7ED66 /* FirebaseAuth */; };
		66E7D3BF2B819A1F00A7ED66 /* GoogleSignIn in Frameworks */ = {isa = PBXBuildFile; productRef = 66E7D3BE2B819A1F00A7ED66 /* GoogleSignIn */; };
		66E7D3EA2B81B66E00A7ED66 /* TenaCity.swift in Sources */ = {isa = PBXBuildFile; fileRef = 66E7D3E92B81B66E00A7ED66 /* TenaCity.swift */; };
		66E7D3ED2B81B6AF00A7ED66 /* Home.swift in Sources */ = {isa = PBXBuildFile; fileRef = 66E7D3EC2B81B6AF00A7ED66 /* Home.swift */; };
		66E7D3EE2B81B6AF00A7ED66 /* LoginScreen.swift in Sources */ = {isa = PBXBuildFile; fileRef = 66E7D3EB2B81B6AF00A7ED66 /* LoginScreen.swift */; };
		66E7D3F22B81C2D600A7ED66 /* AppDelegate.swift in Sources */ = {isa = PBXBuildFile; fileRef = 66E7D3F12B81C2D600A7ED66 /* AppDelegate.swift */; };
		66E7D3F42B81C4B100A7ED66 /* ViewExtension.swift in Sources */ = {isa = PBXBuildFile; fileRef = 66E7D3F32B81C4B100A7ED66 /* ViewExtension.swift */; };
		66E7D3FA2B81F23600A7ED66 /* AuthManager.swift in Sources */ = {isa = PBXBuildFile; fileRef = 66E7D3F92B81F23600A7ED66 /* AuthManager.swift */; };
		66E7D3FC2B81F2B400A7ED66 /* LoadingScreen.swift in Sources */ = {isa = PBXBuildFile; fileRef = 66E7D3FB2B81F2B400A7ED66 /* LoadingScreen.swift */; };
		66E7D3FE2B81F3C700A7ED66 /* ContentView.swift in Sources */ = {isa = PBXBuildFile; fileRef = 66E7D3FD2B81F3C700A7ED66 /* ContentView.swift */; };
		66EDB9AE2B91569B008E0338 /* FriendsView.swift in Sources */ = {isa = PBXBuildFile; fileRef = 66EDB9AD2B91569B008E0338 /* FriendsView.swift */; };
		6A58005D2B870C0000917BAC /* Types.swift in Sources */ = {isa = PBXBuildFile; fileRef = 6A58005C2B870C0000917BAC /* Types.swift */; };
		6A5800622B87EEE200917BAC /* FirebaseFirestore in Frameworks */ = {isa = PBXBuildFile; productRef = 6A5800612B87EEE200917BAC /* FirebaseFirestore */; };
		6A5800642B87F5A200917BAC /* FirestoreManager.swift in Sources */ = {isa = PBXBuildFile; fileRef = 6A5800632B87F5A200917BAC /* FirestoreManager.swift */; };
		6AADAF192B903AF60006D5BE /* BuildingView.swift in Sources */ = {isa = PBXBuildFile; fileRef = 6AADAF182B903AF60006D5BE /* BuildingView.swift */; };
		6AADAF1B2B9167660006D5BE /* HealthManager.swift in Sources */ = {isa = PBXBuildFile; fileRef = 6AADAF1A2B9167660006D5BE /* HealthManager.swift */; };
/* End PBXBuildFile section */

/* Begin PBXContainerItemProxy section */
		66E254782B807B8000495CF2 /* PBXContainerItemProxy */ = {
			isa = PBXContainerItemProxy;
			containerPortal = 66E2545F2B807B7B00495CF2 /* Project object */;
			proxyType = 1;
			remoteGlobalIDString = 66E254662B807B7B00495CF2;
			remoteInfo = TenaCity;
		};
		66E254822B807B8000495CF2 /* PBXContainerItemProxy */ = {
			isa = PBXContainerItemProxy;
			containerPortal = 66E2545F2B807B7B00495CF2 /* Project object */;
			proxyType = 1;
			remoteGlobalIDString = 66E254662B807B7B00495CF2;
			remoteInfo = TenaCity;
		};
/* End PBXContainerItemProxy section */

/* Begin PBXFileReference section */
		47F816BE2B913BBF00C313F6 /* SplashScreen.storyboard */ = {isa = PBXFileReference; lastKnownFileType = file.storyboard; path = SplashScreen.storyboard; sourceTree = "<group>"; };
		5AA3BB492B97E89E00E64B93 /* NavigationBar.swift */ = {isa = PBXFileReference; fileEncoding = 4; lastKnownFileType = sourcecode.swift; path = NavigationBar.swift; sourceTree = "<group>"; };
		663912452B8D805900021A07 /* GoogleService-Info.plist */ = {isa = PBXFileReference; fileEncoding = 4; lastKnownFileType = text.plist.xml; path = "GoogleService-Info.plist"; sourceTree = "<group>"; };
		66814C212B9A91C400664B50 /* GroupHabitView.swift */ = {isa = PBXFileReference; lastKnownFileType = sourcecode.swift; path = GroupHabitView.swift; sourceTree = "<group>"; };
		66E254672B807B7B00495CF2 /* TenaCity.app */ = {isa = PBXFileReference; explicitFileType = wrapper.application; includeInIndex = 0; path = TenaCity.app; sourceTree = BUILT_PRODUCTS_DIR; };
		66E254772B807B8000495CF2 /* TenaCityTests.xctest */ = {isa = PBXFileReference; explicitFileType = wrapper.cfbundle; includeInIndex = 0; path = TenaCityTests.xctest; sourceTree = BUILT_PRODUCTS_DIR; };
		66E2547B2B807B8000495CF2 /* TenaCityTests.swift */ = {isa = PBXFileReference; lastKnownFileType = sourcecode.swift; path = TenaCityTests.swift; sourceTree = "<group>"; };
		66E254812B807B8000495CF2 /* TenaCityUITests.xctest */ = {isa = PBXFileReference; explicitFileType = wrapper.cfbundle; includeInIndex = 0; path = TenaCityUITests.xctest; sourceTree = BUILT_PRODUCTS_DIR; };
		66E254852B807B8000495CF2 /* TenaCityUITests.swift */ = {isa = PBXFileReference; lastKnownFileType = sourcecode.swift; path = TenaCityUITests.swift; sourceTree = "<group>"; };
		66E254872B807B8000495CF2 /* TenaCityUITestsLaunchTests.swift */ = {isa = PBXFileReference; lastKnownFileType = sourcecode.swift; path = TenaCityUITestsLaunchTests.swift; sourceTree = "<group>"; };
		66E7D3C42B819E0500A7ED66 /* Preview Content */ = {isa = PBXFileReference; lastKnownFileType = folder; path = "Preview Content"; sourceTree = "<group>"; };
		66E7D3DE2B81B63900A7ED66 /* Assets.xcassets */ = {isa = PBXFileReference; lastKnownFileType = folder.assetcatalog; path = Assets.xcassets; sourceTree = "<group>"; };
		66E7D3E52B81B65700A7ED66 /* CustomButton.swift */ = {isa = PBXFileReference; lastKnownFileType = sourcecode.swift; path = CustomButton.swift; sourceTree = "<group>"; };
		66E7D3E62B81B65700A7ED66 /* CustomTextfield.swift */ = {isa = PBXFileReference; lastKnownFileType = sourcecode.swift; path = CustomTextfield.swift; sourceTree = "<group>"; };
		66E7D3E72B81B65700A7ED66 /* GoogleSiginBtn.swift */ = {isa = PBXFileReference; lastKnownFileType = sourcecode.swift; path = GoogleSiginBtn.swift; sourceTree = "<group>"; };
		66E7D3E82B81B65700A7ED66 /* LoginHeader.swift */ = {isa = PBXFileReference; lastKnownFileType = sourcecode.swift; path = LoginHeader.swift; sourceTree = "<group>"; };
		66E7D3E92B81B66E00A7ED66 /* TenaCity.swift */ = {isa = PBXFileReference; fileEncoding = 4; lastKnownFileType = sourcecode.swift; path = TenaCity.swift; sourceTree = "<group>"; };
		66E7D3EB2B81B6AF00A7ED66 /* LoginScreen.swift */ = {isa = PBXFileReference; lastKnownFileType = sourcecode.swift; path = LoginScreen.swift; sourceTree = "<group>"; };
		66E7D3EC2B81B6AF00A7ED66 /* Home.swift */ = {isa = PBXFileReference; lastKnownFileType = sourcecode.swift; path = Home.swift; sourceTree = "<group>"; };
		66E7D3F12B81C2D600A7ED66 /* AppDelegate.swift */ = {isa = PBXFileReference; lastKnownFileType = sourcecode.swift; path = AppDelegate.swift; sourceTree = "<group>"; };
		66E7D3F32B81C4B100A7ED66 /* ViewExtension.swift */ = {isa = PBXFileReference; lastKnownFileType = sourcecode.swift; path = ViewExtension.swift; sourceTree = "<group>"; };
		66E7D3F92B81F23600A7ED66 /* AuthManager.swift */ = {isa = PBXFileReference; lastKnownFileType = sourcecode.swift; path = AuthManager.swift; sourceTree = "<group>"; };
		66E7D3FB2B81F2B400A7ED66 /* LoadingScreen.swift */ = {isa = PBXFileReference; lastKnownFileType = sourcecode.swift; path = LoadingScreen.swift; sourceTree = "<group>"; };
		66E7D3FD2B81F3C700A7ED66 /* ContentView.swift */ = {isa = PBXFileReference; lastKnownFileType = sourcecode.swift; path = ContentView.swift; sourceTree = "<group>"; };
		66EDB9AD2B91569B008E0338 /* FriendsView.swift */ = {isa = PBXFileReference; lastKnownFileType = sourcecode.swift; path = FriendsView.swift; sourceTree = "<group>"; };
		6A58005C2B870C0000917BAC /* Types.swift */ = {isa = PBXFileReference; lastKnownFileType = sourcecode.swift; path = Types.swift; sourceTree = "<group>"; };
		6A5800632B87F5A200917BAC /* FirestoreManager.swift */ = {isa = PBXFileReference; lastKnownFileType = sourcecode.swift; path = FirestoreManager.swift; sourceTree = "<group>"; };
		6AADAF182B903AF60006D5BE /* BuildingView.swift */ = {isa = PBXFileReference; lastKnownFileType = sourcecode.swift; path = BuildingView.swift; sourceTree = "<group>"; };
		6AADAF1A2B9167660006D5BE /* HealthManager.swift */ = {isa = PBXFileReference; lastKnownFileType = sourcecode.swift; path = HealthManager.swift; sourceTree = "<group>"; };
		6AADAF1C2B9168080006D5BE /* TenaCity.entitlements */ = {isa = PBXFileReference; lastKnownFileType = text.plist.entitlements; path = TenaCity.entitlements; sourceTree = "<group>"; };
/* End PBXFileReference section */

/* Begin PBXFrameworksBuildPhase section */
		66E254642B807B7B00495CF2 /* Frameworks */ = {
			isa = PBXFrameworksBuildPhase;
			buildActionMask = 2147483647;
			files = (
				66E7D3BC2B81998A00A7ED66 /* FirebaseAuth in Frameworks */,
				66E7D3BF2B819A1F00A7ED66 /* GoogleSignIn in Frameworks */,
				6A5800622B87EEE200917BAC /* FirebaseFirestore in Frameworks */,
			);
			runOnlyForDeploymentPostprocessing = 0;
		};
		66E254742B807B8000495CF2 /* Frameworks */ = {
			isa = PBXFrameworksBuildPhase;
			buildActionMask = 2147483647;
			files = (
			);
			runOnlyForDeploymentPostprocessing = 0;
		};
		66E2547E2B807B8000495CF2 /* Frameworks */ = {
			isa = PBXFrameworksBuildPhase;
			buildActionMask = 2147483647;
			files = (
			);
			runOnlyForDeploymentPostprocessing = 0;
		};
/* End PBXFrameworksBuildPhase section */

/* Begin PBXGroup section */
		5AA3BB442B97E34900E64B93 /* Views */ = {
			isa = PBXGroup;
			children = (
				66E7D3EC2B81B6AF00A7ED66 /* Home.swift */,
				66814C212B9A91C400664B50 /* GroupHabitView.swift */,
				66E7D3FD2B81F3C700A7ED66 /* ContentView.swift */,
				6AADAF182B903AF60006D5BE /* BuildingView.swift */,
				66E7D3FB2B81F2B400A7ED66 /* LoadingScreen.swift */,
				66E7D3EB2B81B6AF00A7ED66 /* LoginScreen.swift */,
				66EDB9AD2B91569B008E0338 /* FriendsView.swift */,
			);
			path = Views;
			sourceTree = "<group>";
		};
		66E2545E2B807B7B00495CF2 = {
			isa = PBXGroup;
			children = (
				66E254692B807B7B00495CF2 /* TenaCity */,
				66E2547A2B807B8000495CF2 /* TenaCityTests */,
				66E254842B807B8000495CF2 /* TenaCityUITests */,
				66E254682B807B7B00495CF2 /* Products */,
				6A5800602B87EEE200917BAC /* Frameworks */,
			);
			sourceTree = "<group>";
		};
		66E254682B807B7B00495CF2 /* Products */ = {
			isa = PBXGroup;
			children = (
				66E254672B807B7B00495CF2 /* TenaCity.app */,
				66E254772B807B8000495CF2 /* TenaCityTests.xctest */,
				66E254812B807B8000495CF2 /* TenaCityUITests.xctest */,
			);
			name = Products;
			sourceTree = "<group>";
		};
		66E254692B807B7B00495CF2 /* TenaCity */ = {
			isa = PBXGroup;
			children = (
				66E7D3E42B81B65700A7ED66 /* Components */,
				5AA3BB442B97E34900E64B93 /* Views */,
				6AADAF1C2B9168080006D5BE /* TenaCity.entitlements */,
				663912452B8D805900021A07 /* GoogleService-Info.plist */,
				66E7D3F92B81F23600A7ED66 /* AuthManager.swift */,
				66E7D3F12B81C2D600A7ED66 /* AppDelegate.swift */,
				6A5800632B87F5A200917BAC /* FirestoreManager.swift */,
				6A58005C2B870C0000917BAC /* Types.swift */,
				66E7D3F32B81C4B100A7ED66 /* ViewExtension.swift */,
				6AADAF1A2B9167660006D5BE /* HealthManager.swift */,
				66E7D3E92B81B66E00A7ED66 /* TenaCity.swift */,
				66E7D3DE2B81B63900A7ED66 /* Assets.xcassets */,
				66E7D3C42B819E0500A7ED66 /* Preview Content */,
				47F816BE2B913BBF00C313F6 /* SplashScreen.storyboard */,
			);
			path = TenaCity;
			sourceTree = "<group>";
		};
		66E2547A2B807B8000495CF2 /* TenaCityTests */ = {
			isa = PBXGroup;
			children = (
				66E2547B2B807B8000495CF2 /* TenaCityTests.swift */,
			);
			path = TenaCityTests;
			sourceTree = "<group>";
		};
		66E254842B807B8000495CF2 /* TenaCityUITests */ = {
			isa = PBXGroup;
			children = (
				66E254852B807B8000495CF2 /* TenaCityUITests.swift */,
				66E254872B807B8000495CF2 /* TenaCityUITestsLaunchTests.swift */,
			);
			path = TenaCityUITests;
			sourceTree = "<group>";
		};
		66E7D3E42B81B65700A7ED66 /* Components */ = {
			isa = PBXGroup;
			children = (
				66E7D3E52B81B65700A7ED66 /* CustomButton.swift */,
				66E7D3E62B81B65700A7ED66 /* CustomTextfield.swift */,
				5AA3BB492B97E89E00E64B93 /* NavigationBar.swift */,
				66E7D3E72B81B65700A7ED66 /* GoogleSiginBtn.swift */,
				66E7D3E82B81B65700A7ED66 /* LoginHeader.swift */,
			);
			path = Components;
			sourceTree = "<group>";
		};
		6A5800602B87EEE200917BAC /* Frameworks */ = {
			isa = PBXGroup;
			children = (
			);
			name = Frameworks;
			sourceTree = "<group>";
		};
/* End PBXGroup section */

/* Begin PBXNativeTarget section */
		66E254662B807B7B00495CF2 /* TenaCity */ = {
			isa = PBXNativeTarget;
			buildConfigurationList = 66E2548B2B807B8000495CF2 /* Build configuration list for PBXNativeTarget "TenaCity" */;
			buildPhases = (
				66E254632B807B7B00495CF2 /* Sources */,
				66E254642B807B7B00495CF2 /* Frameworks */,
			);
			buildRules = (
			);
			dependencies = (
			);
			name = TenaCity;
			packageProductDependencies = (
				66E7D3BB2B81998A00A7ED66 /* FirebaseAuth */,
				66E7D3BE2B819A1F00A7ED66 /* GoogleSignIn */,
				6A5800612B87EEE200917BAC /* FirebaseFirestore */,
			);
			productName = TenaCity;
			productReference = 66E254672B807B7B00495CF2 /* TenaCity.app */;
			productType = "com.apple.product-type.application";
		};
		66E254762B807B8000495CF2 /* TenaCityTests */ = {
			isa = PBXNativeTarget;
			buildConfigurationList = 66E2548E2B807B8000495CF2 /* Build configuration list for PBXNativeTarget "TenaCityTests" */;
			buildPhases = (
				66E254732B807B8000495CF2 /* Sources */,
				66E254742B807B8000495CF2 /* Frameworks */,
				66E254752B807B8000495CF2 /* Resources */,
			);
			buildRules = (
			);
			dependencies = (
				66E254792B807B8000495CF2 /* PBXTargetDependency */,
			);
			name = TenaCityTests;
			productName = TenaCityTests;
			productReference = 66E254772B807B8000495CF2 /* TenaCityTests.xctest */;
			productType = "com.apple.product-type.bundle.unit-test";
		};
		66E254802B807B8000495CF2 /* TenaCityUITests */ = {
			isa = PBXNativeTarget;
			buildConfigurationList = 66E254912B807B8000495CF2 /* Build configuration list for PBXNativeTarget "TenaCityUITests" */;
			buildPhases = (
				66E2547D2B807B8000495CF2 /* Sources */,
				66E2547E2B807B8000495CF2 /* Frameworks */,
				66E2547F2B807B8000495CF2 /* Resources */,
			);
			buildRules = (
			);
			dependencies = (
				66E254832B807B8000495CF2 /* PBXTargetDependency */,
			);
			name = TenaCityUITests;
			productName = TenaCityUITests;
			productReference = 66E254812B807B8000495CF2 /* TenaCityUITests.xctest */;
			productType = "com.apple.product-type.bundle.ui-testing";
		};
/* End PBXNativeTarget section */

/* Begin PBXProject section */
		66E2545F2B807B7B00495CF2 /* Project object */ = {
			isa = PBXProject;
			attributes = {
				BuildIndependentTargetsInParallel = 1;
				LastSwiftUpdateCheck = 1520;
				LastUpgradeCheck = 1520;
				TargetAttributes = {
					66E254662B807B7B00495CF2 = {
						CreatedOnToolsVersion = 15.2;
					};
					66E254762B807B8000495CF2 = {
						CreatedOnToolsVersion = 15.2;
						TestTargetID = 66E254662B807B7B00495CF2;
					};
					66E254802B807B8000495CF2 = {
						CreatedOnToolsVersion = 15.2;
						TestTargetID = 66E254662B807B7B00495CF2;
					};
				};
			};
			buildConfigurationList = 66E254622B807B7B00495CF2 /* Build configuration list for PBXProject "TenaCity" */;
			compatibilityVersion = "Xcode 14.0";
			developmentRegion = en;
			hasScannedForEncodings = 0;
			knownRegions = (
				en,
				Base,
			);
			mainGroup = 66E2545E2B807B7B00495CF2;
			packageReferences = (
				66E7D3BA2B81998A00A7ED66 /* XCRemoteSwiftPackageReference "firebase-ios-sdk" */,
				66E7D3BD2B819A1F00A7ED66 /* XCRemoteSwiftPackageReference "GoogleSignIn-iOS" */,
			);
			productRefGroup = 66E254682B807B7B00495CF2 /* Products */;
			projectDirPath = "";
			projectRoot = "";
			targets = (
				66E254662B807B7B00495CF2 /* TenaCity */,
				66E254762B807B8000495CF2 /* TenaCityTests */,
				66E254802B807B8000495CF2 /* TenaCityUITests */,
			);
		};
/* End PBXProject section */

/* Begin PBXResourcesBuildPhase section */
		66E254752B807B8000495CF2 /* Resources */ = {
			isa = PBXResourcesBuildPhase;
			buildActionMask = 2147483647;
			files = (
			);
			runOnlyForDeploymentPostprocessing = 0;
		};
		66E2547F2B807B8000495CF2 /* Resources */ = {
			isa = PBXResourcesBuildPhase;
			buildActionMask = 2147483647;
			files = (
			);
			runOnlyForDeploymentPostprocessing = 0;
		};
/* End PBXResourcesBuildPhase section */

/* Begin PBXSourcesBuildPhase section */
		66E254632B807B7B00495CF2 /* Sources */ = {
			isa = PBXSourcesBuildPhase;
			buildActionMask = 2147483647;
			files = (
				5AA3BB462B97E3F500E64B93 /* GoogleSiginBtn.swift in Sources */,
				5AA3BB482B97E3FA00E64B93 /* CustomButton.swift in Sources */,
				5A211A3A2B97DD450044F801 /* GoogleService-Info.plist in Sources */,
				5A211A3B2B97DD450044F801 /* Assets.xcassets in Sources */,
				66814C222B9A91C400664B50 /* GroupHabitView.swift in Sources */,
				66EDB9AE2B91569B008E0338 /* FriendsView.swift in Sources */,
				66E7D3F42B81C4B100A7ED66 /* ViewExtension.swift in Sources */,
				6A5800642B87F5A200917BAC /* FirestoreManager.swift in Sources */,
				6AADAF192B903AF60006D5BE /* BuildingView.swift in Sources */,
				66E7D3FC2B81F2B400A7ED66 /* LoadingScreen.swift in Sources */,
				5AA3BB472B97E3F700E64B93 /* CustomTextfield.swift in Sources */,
				6AADAF1B2B9167660006D5BE /* HealthManager.swift in Sources */,
				66E7D3FE2B81F3C700A7ED66 /* ContentView.swift in Sources */,
				6A58005D2B870C0000917BAC /* Types.swift in Sources */,
				66E7D3EE2B81B6AF00A7ED66 /* LoginScreen.swift in Sources */,
				66E7D3ED2B81B6AF00A7ED66 /* Home.swift in Sources */,
				5AA3BB4A2B97E89E00E64B93 /* NavigationBar.swift in Sources */,
				66E7D3F22B81C2D600A7ED66 /* AppDelegate.swift in Sources */,
				66E7D3EA2B81B66E00A7ED66 /* TenaCity.swift in Sources */,
				5AA3BB452B97E3F000E64B93 /* LoginHeader.swift in Sources */,
				66E7D3FA2B81F23600A7ED66 /* AuthManager.swift in Sources */,
			);
			runOnlyForDeploymentPostprocessing = 0;
		};
		66E254732B807B8000495CF2 /* Sources */ = {
			isa = PBXSourcesBuildPhase;
			buildActionMask = 2147483647;
			files = (
				66E2547C2B807B8000495CF2 /* TenaCityTests.swift in Sources */,
			);
			runOnlyForDeploymentPostprocessing = 0;
		};
		66E2547D2B807B8000495CF2 /* Sources */ = {
			isa = PBXSourcesBuildPhase;
			buildActionMask = 2147483647;
			files = (
				66E254882B807B8000495CF2 /* TenaCityUITestsLaunchTests.swift in Sources */,
				66E254862B807B8000495CF2 /* TenaCityUITests.swift in Sources */,
			);
			runOnlyForDeploymentPostprocessing = 0;
		};
/* End PBXSourcesBuildPhase section */

/* Begin PBXTargetDependency section */
		66E254792B807B8000495CF2 /* PBXTargetDependency */ = {
			isa = PBXTargetDependency;
			target = 66E254662B807B7B00495CF2 /* TenaCity */;
			targetProxy = 66E254782B807B8000495CF2 /* PBXContainerItemProxy */;
		};
		66E254832B807B8000495CF2 /* PBXTargetDependency */ = {
			isa = PBXTargetDependency;
			target = 66E254662B807B7B00495CF2 /* TenaCity */;
			targetProxy = 66E254822B807B8000495CF2 /* PBXContainerItemProxy */;
		};
/* End PBXTargetDependency section */

/* Begin XCBuildConfiguration section */
		66E254892B807B8000495CF2 /* Debug */ = {
			isa = XCBuildConfiguration;
			buildSettings = {
				ALWAYS_SEARCH_USER_PATHS = NO;
				ASSETCATALOG_COMPILER_GENERATE_SWIFT_ASSET_SYMBOL_EXTENSIONS = YES;
				CLANG_ANALYZER_NONNULL = YES;
				CLANG_ANALYZER_NUMBER_OBJECT_CONVERSION = YES_AGGRESSIVE;
				CLANG_CXX_LANGUAGE_STANDARD = "gnu++20";
				CLANG_ENABLE_MODULES = YES;
				CLANG_ENABLE_OBJC_ARC = YES;
				CLANG_ENABLE_OBJC_WEAK = YES;
				CLANG_WARN_BLOCK_CAPTURE_AUTORELEASING = YES;
				CLANG_WARN_BOOL_CONVERSION = YES;
				CLANG_WARN_COMMA = YES;
				CLANG_WARN_CONSTANT_CONVERSION = YES;
				CLANG_WARN_DEPRECATED_OBJC_IMPLEMENTATIONS = YES;
				CLANG_WARN_DIRECT_OBJC_ISA_USAGE = YES_ERROR;
				CLANG_WARN_DOCUMENTATION_COMMENTS = YES;
				CLANG_WARN_EMPTY_BODY = YES;
				CLANG_WARN_ENUM_CONVERSION = YES;
				CLANG_WARN_INFINITE_RECURSION = YES;
				CLANG_WARN_INT_CONVERSION = YES;
				CLANG_WARN_NON_LITERAL_NULL_CONVERSION = YES;
				CLANG_WARN_OBJC_IMPLICIT_RETAIN_SELF = YES;
				CLANG_WARN_OBJC_LITERAL_CONVERSION = YES;
				CLANG_WARN_OBJC_ROOT_CLASS = YES_ERROR;
				CLANG_WARN_QUOTED_INCLUDE_IN_FRAMEWORK_HEADER = YES;
				CLANG_WARN_RANGE_LOOP_ANALYSIS = YES;
				CLANG_WARN_STRICT_PROTOTYPES = YES;
				CLANG_WARN_SUSPICIOUS_MOVE = YES;
				CLANG_WARN_UNGUARDED_AVAILABILITY = YES_AGGRESSIVE;
				CLANG_WARN_UNREACHABLE_CODE = YES;
				CLANG_WARN__DUPLICATE_METHOD_MATCH = YES;
				COPY_PHASE_STRIP = NO;
				DEBUG_INFORMATION_FORMAT = dwarf;
				ENABLE_STRICT_OBJC_MSGSEND = YES;
				ENABLE_TESTABILITY = YES;
				ENABLE_USER_SCRIPT_SANDBOXING = YES;
				GCC_C_LANGUAGE_STANDARD = gnu17;
				GCC_DYNAMIC_NO_PIC = NO;
				GCC_NO_COMMON_BLOCKS = YES;
				GCC_OPTIMIZATION_LEVEL = 0;
				GCC_PREPROCESSOR_DEFINITIONS = (
					"DEBUG=1",
					"$(inherited)",
				);
				GCC_WARN_64_TO_32_BIT_CONVERSION = YES;
				GCC_WARN_ABOUT_RETURN_TYPE = YES_ERROR;
				GCC_WARN_UNDECLARED_SELECTOR = YES;
				GCC_WARN_UNINITIALIZED_AUTOS = YES_AGGRESSIVE;
				GCC_WARN_UNUSED_FUNCTION = YES;
				GCC_WARN_UNUSED_VARIABLE = YES;
				IPHONEOS_DEPLOYMENT_TARGET = 17.2;
				LOCALIZATION_PREFERS_STRING_CATALOGS = YES;
				MTL_ENABLE_DEBUG_INFO = INCLUDE_SOURCE;
				MTL_FAST_MATH = YES;
				ONLY_ACTIVE_ARCH = YES;
				SDKROOT = iphoneos;
				SWIFT_ACTIVE_COMPILATION_CONDITIONS = "DEBUG $(inherited)";
				SWIFT_OPTIMIZATION_LEVEL = "-Onone";
			};
			name = Debug;
		};
		66E2548A2B807B8000495CF2 /* Release */ = {
			isa = XCBuildConfiguration;
			buildSettings = {
				ALWAYS_SEARCH_USER_PATHS = NO;
				ASSETCATALOG_COMPILER_GENERATE_SWIFT_ASSET_SYMBOL_EXTENSIONS = YES;
				CLANG_ANALYZER_NONNULL = YES;
				CLANG_ANALYZER_NUMBER_OBJECT_CONVERSION = YES_AGGRESSIVE;
				CLANG_CXX_LANGUAGE_STANDARD = "gnu++20";
				CLANG_ENABLE_MODULES = YES;
				CLANG_ENABLE_OBJC_ARC = YES;
				CLANG_ENABLE_OBJC_WEAK = YES;
				CLANG_WARN_BLOCK_CAPTURE_AUTORELEASING = YES;
				CLANG_WARN_BOOL_CONVERSION = YES;
				CLANG_WARN_COMMA = YES;
				CLANG_WARN_CONSTANT_CONVERSION = YES;
				CLANG_WARN_DEPRECATED_OBJC_IMPLEMENTATIONS = YES;
				CLANG_WARN_DIRECT_OBJC_ISA_USAGE = YES_ERROR;
				CLANG_WARN_DOCUMENTATION_COMMENTS = YES;
				CLANG_WARN_EMPTY_BODY = YES;
				CLANG_WARN_ENUM_CONVERSION = YES;
				CLANG_WARN_INFINITE_RECURSION = YES;
				CLANG_WARN_INT_CONVERSION = YES;
				CLANG_WARN_NON_LITERAL_NULL_CONVERSION = YES;
				CLANG_WARN_OBJC_IMPLICIT_RETAIN_SELF = YES;
				CLANG_WARN_OBJC_LITERAL_CONVERSION = YES;
				CLANG_WARN_OBJC_ROOT_CLASS = YES_ERROR;
				CLANG_WARN_QUOTED_INCLUDE_IN_FRAMEWORK_HEADER = YES;
				CLANG_WARN_RANGE_LOOP_ANALYSIS = YES;
				CLANG_WARN_STRICT_PROTOTYPES = YES;
				CLANG_WARN_SUSPICIOUS_MOVE = YES;
				CLANG_WARN_UNGUARDED_AVAILABILITY = YES_AGGRESSIVE;
				CLANG_WARN_UNREACHABLE_CODE = YES;
				CLANG_WARN__DUPLICATE_METHOD_MATCH = YES;
				COPY_PHASE_STRIP = NO;
				DEBUG_INFORMATION_FORMAT = "dwarf-with-dsym";
				ENABLE_NS_ASSERTIONS = NO;
				ENABLE_STRICT_OBJC_MSGSEND = YES;
				ENABLE_USER_SCRIPT_SANDBOXING = YES;
				GCC_C_LANGUAGE_STANDARD = gnu17;
				GCC_NO_COMMON_BLOCKS = YES;
				GCC_WARN_64_TO_32_BIT_CONVERSION = YES;
				GCC_WARN_ABOUT_RETURN_TYPE = YES_ERROR;
				GCC_WARN_UNDECLARED_SELECTOR = YES;
				GCC_WARN_UNINITIALIZED_AUTOS = YES_AGGRESSIVE;
				GCC_WARN_UNUSED_FUNCTION = YES;
				GCC_WARN_UNUSED_VARIABLE = YES;
				IPHONEOS_DEPLOYMENT_TARGET = 17.2;
				LOCALIZATION_PREFERS_STRING_CATALOGS = YES;
				MTL_ENABLE_DEBUG_INFO = NO;
				MTL_FAST_MATH = YES;
				SDKROOT = iphoneos;
				SWIFT_COMPILATION_MODE = wholemodule;
				VALIDATE_PRODUCT = YES;
			};
			name = Release;
		};
		66E2548C2B807B8000495CF2 /* Debug */ = {
			isa = XCBuildConfiguration;
			buildSettings = {
				ASSETCATALOG_COMPILER_APPICON_NAME = AppIcon;
				ASSETCATALOG_COMPILER_GLOBAL_ACCENT_COLOR_NAME = AccentColor;
				CODE_SIGN_ENTITLEMENTS = TenaCity/TenaCity.entitlements;
				CODE_SIGN_STYLE = Automatic;
				CURRENT_PROJECT_VERSION = 1;
				DEVELOPMENT_ASSET_PATHS = "\"TenaCity/Preview Content\"";
				DEVELOPMENT_TEAM = GP27ADN52D;
				ENABLE_PREVIEWS = YES;
				GENERATE_INFOPLIST_FILE = YES;
				INFOPLIST_FILE = TenaCity/Info.plist;
				INFOPLIST_KEY_NSHealthClinicalHealthRecordsShareUsageDescription = "Please allow this to track your steps, miles, and calories";
				INFOPLIST_KEY_NSHealthShareUsageDescription = "Please allow this to track your steps, miles, and calories";
				INFOPLIST_KEY_NSHealthUpdateUsageDescription = "Please allow this to track your steps, miles, and calories";
				INFOPLIST_KEY_UIApplicationSceneManifest_Generation = YES;
				INFOPLIST_KEY_UIApplicationSupportsIndirectInputEvents = YES;
				INFOPLIST_KEY_UILaunchStoryboardName = SplashScreen;
				INFOPLIST_KEY_UISupportedInterfaceOrientations_iPad = "UIInterfaceOrientationPortrait UIInterfaceOrientationPortraitUpsideDown UIInterfaceOrientationLandscapeLeft UIInterfaceOrientationLandscapeRight";
				INFOPLIST_KEY_UISupportedInterfaceOrientations_iPhone = "UIInterfaceOrientationPortrait UIInterfaceOrientationLandscapeLeft UIInterfaceOrientationLandscapeRight";
				LD_RUNPATH_SEARCH_PATHS = (
					"$(inherited)",
					"@executable_path/Frameworks",
				);
				MARKETING_VERSION = 1.0;
				PRODUCT_BUNDLE_IDENTIFIER = ECS189E.TenaCity.V4;
				PRODUCT_NAME = "$(TARGET_NAME)";
				SWIFT_EMIT_LOC_STRINGS = YES;
				SWIFT_VERSION = 5.0;
				TARGETED_DEVICE_FAMILY = "1,2";
			};
			name = Debug;
		};
		66E2548D2B807B8000495CF2 /* Release */ = {
			isa = XCBuildConfiguration;
			buildSettings = {
				ASSETCATALOG_COMPILER_APPICON_NAME = AppIcon;
				ASSETCATALOG_COMPILER_GLOBAL_ACCENT_COLOR_NAME = AccentColor;
				CODE_SIGN_ENTITLEMENTS = TenaCity/TenaCity.entitlements;
				CODE_SIGN_STYLE = Automatic;
				CURRENT_PROJECT_VERSION = 1;
				DEVELOPMENT_ASSET_PATHS = "\"TenaCity/Preview Content\"";
				DEVELOPMENT_TEAM = GP27ADN52D;
				ENABLE_PREVIEWS = YES;
				GENERATE_INFOPLIST_FILE = YES;
				INFOPLIST_FILE = TenaCity/Info.plist;
				INFOPLIST_KEY_NSHealthClinicalHealthRecordsShareUsageDescription = "Please allow this to track your steps, miles, and calories";
				INFOPLIST_KEY_NSHealthShareUsageDescription = "Please allow this to track your steps, miles, and calories";
				INFOPLIST_KEY_NSHealthUpdateUsageDescription = "Please allow this to track your steps, miles, and calories";
				INFOPLIST_KEY_UIApplicationSceneManifest_Generation = YES;
				INFOPLIST_KEY_UIApplicationSupportsIndirectInputEvents = YES;
				INFOPLIST_KEY_UILaunchStoryboardName = SplashScreen;
				INFOPLIST_KEY_UISupportedInterfaceOrientations_iPad = "UIInterfaceOrientationPortrait UIInterfaceOrientationPortraitUpsideDown UIInterfaceOrientationLandscapeLeft UIInterfaceOrientationLandscapeRight";
				INFOPLIST_KEY_UISupportedInterfaceOrientations_iPhone = "UIInterfaceOrientationPortrait UIInterfaceOrientationLandscapeLeft UIInterfaceOrientationLandscapeRight";
				LD_RUNPATH_SEARCH_PATHS = (
					"$(inherited)",
					"@executable_path/Frameworks",
				);
				MARKETING_VERSION = 1.0;
				PRODUCT_BUNDLE_IDENTIFIER = ECS189E.TenaCity.V4;
				PRODUCT_NAME = "$(TARGET_NAME)";
				SWIFT_EMIT_LOC_STRINGS = YES;
				SWIFT_VERSION = 5.0;
				TARGETED_DEVICE_FAMILY = "1,2";
			};
			name = Release;
		};
		66E2548F2B807B8000495CF2 /* Debug */ = {
			isa = XCBuildConfiguration;
			buildSettings = {
				ALWAYS_EMBED_SWIFT_STANDARD_LIBRARIES = YES;
				BUNDLE_LOADER = "$(TEST_HOST)";
				CODE_SIGN_STYLE = Automatic;
				CURRENT_PROJECT_VERSION = 1;
				DEVELOPMENT_TEAM = GP27ADN52D;
				GENERATE_INFOPLIST_FILE = YES;
				IPHONEOS_DEPLOYMENT_TARGET = 17.2;
				MARKETING_VERSION = 1.0;
				PRODUCT_BUNDLE_IDENTIFIER = ECS189E.TenaCityTests;
				PRODUCT_NAME = "$(TARGET_NAME)";
				SWIFT_EMIT_LOC_STRINGS = NO;
				SWIFT_VERSION = 5.0;
				TARGETED_DEVICE_FAMILY = "1,2";
				TEST_HOST = "$(BUILT_PRODUCTS_DIR)/TenaCity.app/$(BUNDLE_EXECUTABLE_FOLDER_PATH)/TenaCity";
			};
			name = Debug;
		};
		66E254902B807B8000495CF2 /* Release */ = {
			isa = XCBuildConfiguration;
			buildSettings = {
				ALWAYS_EMBED_SWIFT_STANDARD_LIBRARIES = YES;
				BUNDLE_LOADER = "$(TEST_HOST)";
				CODE_SIGN_STYLE = Automatic;
				CURRENT_PROJECT_VERSION = 1;
				DEVELOPMENT_TEAM = GP27ADN52D;
				GENERATE_INFOPLIST_FILE = YES;
				IPHONEOS_DEPLOYMENT_TARGET = 17.2;
				MARKETING_VERSION = 1.0;
				PRODUCT_BUNDLE_IDENTIFIER = ECS189E.TenaCityTests;
				PRODUCT_NAME = "$(TARGET_NAME)";
				SWIFT_EMIT_LOC_STRINGS = NO;
				SWIFT_VERSION = 5.0;
				TARGETED_DEVICE_FAMILY = "1,2";
				TEST_HOST = "$(BUILT_PRODUCTS_DIR)/TenaCity.app/$(BUNDLE_EXECUTABLE_FOLDER_PATH)/TenaCity";
			};
			name = Release;
		};
		66E254922B807B8000495CF2 /* Debug */ = {
			isa = XCBuildConfiguration;
			buildSettings = {
				ALWAYS_EMBED_SWIFT_STANDARD_LIBRARIES = YES;
				CODE_SIGN_STYLE = Automatic;
				CURRENT_PROJECT_VERSION = 1;
				DEVELOPMENT_TEAM = GP27ADN52D;
				GENERATE_INFOPLIST_FILE = YES;
				MARKETING_VERSION = 1.0;
				PRODUCT_BUNDLE_IDENTIFIER = ECS189E.TenaCityUITests;
				PRODUCT_NAME = "$(TARGET_NAME)";
				SWIFT_EMIT_LOC_STRINGS = NO;
				SWIFT_VERSION = 5.0;
				TARGETED_DEVICE_FAMILY = "1,2";
				TEST_TARGET_NAME = TenaCity;
			};
			name = Debug;
		};
		66E254932B807B8000495CF2 /* Release */ = {
			isa = XCBuildConfiguration;
			buildSettings = {
				ALWAYS_EMBED_SWIFT_STANDARD_LIBRARIES = YES;
				CODE_SIGN_STYLE = Automatic;
				CURRENT_PROJECT_VERSION = 1;
				DEVELOPMENT_TEAM = GP27ADN52D;
				GENERATE_INFOPLIST_FILE = YES;
				MARKETING_VERSION = 1.0;
				PRODUCT_BUNDLE_IDENTIFIER = ECS189E.TenaCityUITests;
				PRODUCT_NAME = "$(TARGET_NAME)";
				SWIFT_EMIT_LOC_STRINGS = NO;
				SWIFT_VERSION = 5.0;
				TARGETED_DEVICE_FAMILY = "1,2";
				TEST_TARGET_NAME = TenaCity;
			};
			name = Release;
		};
/* End XCBuildConfiguration section */

/* Begin XCConfigurationList section */
		66E254622B807B7B00495CF2 /* Build configuration list for PBXProject "TenaCity" */ = {
			isa = XCConfigurationList;
			buildConfigurations = (
				66E254892B807B8000495CF2 /* Debug */,
				66E2548A2B807B8000495CF2 /* Release */,
			);
			defaultConfigurationIsVisible = 0;
			defaultConfigurationName = Release;
		};
		66E2548B2B807B8000495CF2 /* Build configuration list for PBXNativeTarget "TenaCity" */ = {
			isa = XCConfigurationList;
			buildConfigurations = (
				66E2548C2B807B8000495CF2 /* Debug */,
				66E2548D2B807B8000495CF2 /* Release */,
			);
			defaultConfigurationIsVisible = 0;
			defaultConfigurationName = Release;
		};
		66E2548E2B807B8000495CF2 /* Build configuration list for PBXNativeTarget "TenaCityTests" */ = {
			isa = XCConfigurationList;
			buildConfigurations = (
				66E2548F2B807B8000495CF2 /* Debug */,
				66E254902B807B8000495CF2 /* Release */,
			);
			defaultConfigurationIsVisible = 0;
			defaultConfigurationName = Release;
		};
		66E254912B807B8000495CF2 /* Build configuration list for PBXNativeTarget "TenaCityUITests" */ = {
			isa = XCConfigurationList;
			buildConfigurations = (
				66E254922B807B8000495CF2 /* Debug */,
				66E254932B807B8000495CF2 /* Release */,
			);
			defaultConfigurationIsVisible = 0;
			defaultConfigurationName = Release;
		};
/* End XCConfigurationList section */

/* Begin XCRemoteSwiftPackageReference section */
		66E7D3BA2B81998A00A7ED66 /* XCRemoteSwiftPackageReference "firebase-ios-sdk" */ = {
			isa = XCRemoteSwiftPackageReference;
			repositoryURL = "https://github.com/firebase/firebase-ios-sdk";
			requirement = {
				kind = upToNextMajorVersion;
				minimumVersion = 10.21.0;
			};
		};
		66E7D3BD2B819A1F00A7ED66 /* XCRemoteSwiftPackageReference "GoogleSignIn-iOS" */ = {
			isa = XCRemoteSwiftPackageReference;
			repositoryURL = "https://github.com/google/GoogleSignIn-iOS";
			requirement = {
				kind = upToNextMajorVersion;
				minimumVersion = 7.0.0;
			};
		};
/* End XCRemoteSwiftPackageReference section */

/* Begin XCSwiftPackageProductDependency section */
		66E7D3BB2B81998A00A7ED66 /* FirebaseAuth */ = {
			isa = XCSwiftPackageProductDependency;
			package = 66E7D3BA2B81998A00A7ED66 /* XCRemoteSwiftPackageReference "firebase-ios-sdk" */;
			productName = FirebaseAuth;
		};
		66E7D3BE2B819A1F00A7ED66 /* GoogleSignIn */ = {
			isa = XCSwiftPackageProductDependency;
			package = 66E7D3BD2B819A1F00A7ED66 /* XCRemoteSwiftPackageReference "GoogleSignIn-iOS" */;
			productName = GoogleSignIn;
		};
		6A5800612B87EEE200917BAC /* FirebaseFirestore */ = {
			isa = XCSwiftPackageProductDependency;
			package = 66E7D3BA2B81998A00A7ED66 /* XCRemoteSwiftPackageReference "firebase-ios-sdk" */;
			productName = FirebaseFirestore;
		};
/* End XCSwiftPackageProductDependency section */
	};
	rootObject = 66E2545F2B807B7B00495CF2 /* Project object */;
}
